{
  "name": "orkney_frontend",
  "lockfileVersion": 3,
  "requires": true,
  "packages": {
    "": {
      "name": "orkney_frontend",
      "dependencies": {
        "elm-land": "^0.20.1"
      }
    },
    "node_modules/@elm_binaries/darwin_arm64": {
      "version": "0.19.1-0",
      "resolved": "https://azdo.microlise.com/MicroliseCollection/_packaging/Microlise/npm/registry/@elm_binaries/darwin_arm64/-/darwin_arm64-0.19.1-0.tgz",
      "integrity": "sha1-6gn8p83+2tP6UXJnCZ140YDwEJg=",
      "cpu": [
        "arm64"
      ],
      "optional": true,
      "os": [
        "darwin"
      ]
    },
    "node_modules/@elm_binaries/darwin_x64": {
      "version": "0.19.1-0",
      "resolved": "https://azdo.microlise.com/MicroliseCollection/_packaging/Microlise/npm/registry/@elm_binaries/darwin_x64/-/darwin_x64-0.19.1-0.tgz",
      "integrity": "sha1-jDJUWQgEw17nuXtNiiGmMxhRHEQ=",
      "cpu": [
        "x64"
      ],
      "optional": true,
      "os": [
        "darwin"
      ]
    },
    "node_modules/@elm_binaries/linux_x64": {
      "version": "0.19.1-0",
      "resolved": "https://azdo.microlise.com/MicroliseCollection/_packaging/Microlise/npm/registry/@elm_binaries/linux_x64/-/linux_x64-0.19.1-0.tgz",
      "integrity": "sha1-lUQDQe7o9r7i2IhZs73ZnzPKiPA=",
      "cpu": [
        "x64"
      ],
      "optional": true,
      "os": [
        "linux"
      ]
    },
    "node_modules/@elm_binaries/win32_x64": {
      "version": "0.19.1-0",
      "resolved": "https://azdo.microlise.com/MicroliseCollection/_packaging/Microlise/npm/registry/@elm_binaries/win32_x64/-/win32_x64-0.19.1-0.tgz",
      "integrity": "sha1-P43s/W9fvEaQbz9dUFYbblszrDo=",
      "cpu": [
        "x64"
      ],
      "optional": true,
      "os": [
        "win32"
      ]
    },
    "node_modules/@esbuild/aix-ppc64": {
      "version": "0.20.2",
      "resolved": "https://azdo.microlise.com/MicroliseCollection/_packaging/Microlise/npm/registry/@esbuild/aix-ppc64/-/aix-ppc64-0.20.2.tgz",
      "integrity": "sha1-pw9KwRxqHfwYuLuxMoQVXZM7lTc=",
      "cpu": [
        "ppc64"
      ],
      "optional": true,
      "os": [
        "aix"
      ],
      "engines": {
        "node": ">=12"
      }
    },
    "node_modules/@esbuild/android-arm": {
      "version": "0.20.2",
      "resolved": "https://azdo.microlise.com/MicroliseCollection/_packaging/Microlise/npm/registry/@esbuild/android-arm/-/android-arm-0.20.2.tgz",
      "integrity": "sha1-O0iMSa7p1JHCyPmKkJt4WHDW6ZU=",
      "cpu": [
        "arm"
      ],
      "optional": true,
      "os": [
        "android"
      ],
      "engines": {
        "node": ">=12"
      }
    },
    "node_modules/@esbuild/android-arm64": {
      "version": "0.20.2",
      "resolved": "https://azdo.microlise.com/MicroliseCollection/_packaging/Microlise/npm/registry/@esbuild/android-arm64/-/android-arm64-0.20.2.tgz",
      "integrity": "sha1-2xySAqW8kuoEx7aEDxu+Cev55rk=",
      "cpu": [
        "arm64"
      ],
      "optional": true,
      "os": [
        "android"
      ],
      "engines": {
        "node": ">=12"
      }
    },
    "node_modules/@esbuild/android-x64": {
      "version": "0.20.2",
      "resolved": "https://azdo.microlise.com/MicroliseCollection/_packaging/Microlise/npm/registry/@esbuild/android-x64/-/android-x64-0.20.2.tgz",
      "integrity": "sha1-OxYoAp5VdiSdKy12ZpblB2hEn5g=",
      "cpu": [
        "x64"
      ],
      "optional": true,
      "os": [
        "android"
      ],
      "engines": {
        "node": ">=12"
      }
    },
    "node_modules/@esbuild/darwin-arm64": {
      "version": "0.20.2",
      "resolved": "https://azdo.microlise.com/MicroliseCollection/_packaging/Microlise/npm/registry/@esbuild/darwin-arm64/-/darwin-arm64-0.20.2.tgz",
      "integrity": "sha1-boUXoEXd2GrjDGYIyEdevAxAALs=",
      "cpu": [
        "arm64"
      ],
      "optional": true,
      "os": [
        "darwin"
      ],
      "engines": {
        "node": ">=12"
      }
    },
    "node_modules/@esbuild/darwin-x64": {
      "version": "0.20.2",
      "resolved": "https://azdo.microlise.com/MicroliseCollection/_packaging/Microlise/npm/registry/@esbuild/darwin-x64/-/darwin-x64-0.20.2.tgz",
      "integrity": "sha1-kO0Jjh+d2Kk4FpWyB+HP9FVAoNA=",
      "cpu": [
        "x64"
      ],
      "optional": true,
      "os": [
        "darwin"
      ],
      "engines": {
        "node": ">=12"
      }
    },
    "node_modules/@esbuild/freebsd-arm64": {
      "version": "0.20.2",
      "resolved": "https://azdo.microlise.com/MicroliseCollection/_packaging/Microlise/npm/registry/@esbuild/freebsd-arm64/-/freebsd-arm64-0.20.2.tgz",
      "integrity": "sha1-1xUC0e6JoRMDJ+iQNkZmx2CiqRE=",
      "cpu": [
        "arm64"
      ],
      "optional": true,
      "os": [
        "freebsd"
      ],
      "engines": {
        "node": ">=12"
      }
    },
    "node_modules/@esbuild/freebsd-x64": {
      "version": "0.20.2",
      "resolved": "https://azdo.microlise.com/MicroliseCollection/_packaging/Microlise/npm/registry/@esbuild/freebsd-x64/-/freebsd-x64-0.20.2.tgz",
      "integrity": "sha1-ql6ljZwd2a9oi4tvY+8NPWDOpTw=",
      "cpu": [
        "x64"
      ],
      "optional": true,
      "os": [
        "freebsd"
      ],
      "engines": {
        "node": ">=12"
      }
    },
    "node_modules/@esbuild/linux-arm": {
      "version": "0.20.2",
      "resolved": "https://azdo.microlise.com/MicroliseCollection/_packaging/Microlise/npm/registry/@esbuild/linux-arm/-/linux-arm-0.20.2.tgz",
      "integrity": "sha1-drO5jLH4eTb7w38HPvq61J3NiJw=",
      "cpu": [
        "arm"
      ],
      "optional": true,
      "os": [
        "linux"
      ],
      "engines": {
        "node": ">=12"
      }
    },
    "node_modules/@esbuild/linux-arm64": {
      "version": "0.20.2",
      "resolved": "https://azdo.microlise.com/MicroliseCollection/_packaging/Microlise/npm/registry/@esbuild/linux-arm64/-/linux-arm64-0.20.2.tgz",
      "integrity": "sha1-BVtjcl32eDebD2250PqFRjdVsuU=",
      "cpu": [
        "arm64"
      ],
      "optional": true,
      "os": [
        "linux"
      ],
      "engines": {
        "node": ">=12"
      }
    },
    "node_modules/@esbuild/linux-ia32": {
      "version": "0.20.2",
      "resolved": "https://azdo.microlise.com/MicroliseCollection/_packaging/Microlise/npm/registry/@esbuild/linux-ia32/-/linux-ia32-0.20.2.tgz",
      "integrity": "sha1-wOXnh8KFJk5d/Hp58EuLTu/a1/o=",
      "cpu": [
        "ia32"
      ],
      "optional": true,
      "os": [
        "linux"
      ],
      "engines": {
        "node": ">=12"
      }
    },
    "node_modules/@esbuild/linux-loong64": {
      "version": "0.20.2",
      "resolved": "https://azdo.microlise.com/MicroliseCollection/_packaging/Microlise/npm/registry/@esbuild/linux-loong64/-/linux-loong64-0.20.2.tgz",
      "integrity": "sha1-phhOYr183GPgwESLg4AQAWUyGcU=",
      "cpu": [
        "loong64"
      ],
      "optional": true,
      "os": [
        "linux"
      ],
      "engines": {
        "node": ">=12"
      }
    },
    "node_modules/@esbuild/linux-mips64el": {
      "version": "0.20.2",
      "resolved": "https://azdo.microlise.com/MicroliseCollection/_packaging/Microlise/npm/registry/@esbuild/linux-mips64el/-/linux-mips64el-0.20.2.tgz",
      "integrity": "sha1-0I45zob0Xvj8iFSdKcYris9WSao=",
      "cpu": [
        "mips64el"
      ],
      "optional": true,
      "os": [
        "linux"
      ],
      "engines": {
        "node": ">=12"
      }
    },
    "node_modules/@esbuild/linux-ppc64": {
      "version": "0.20.2",
      "resolved": "https://azdo.microlise.com/MicroliseCollection/_packaging/Microlise/npm/registry/@esbuild/linux-ppc64/-/linux-ppc64-0.20.2.tgz",
      "integrity": "sha1-jSUvC3dW/9bRy95epn/4/SBDfyA=",
      "cpu": [
        "ppc64"
      ],
      "optional": true,
      "os": [
        "linux"
      ],
      "engines": {
        "node": ">=12"
      }
    },
    "node_modules/@esbuild/linux-riscv64": {
      "version": "0.20.2",
      "resolved": "https://azdo.microlise.com/MicroliseCollection/_packaging/Microlise/npm/registry/@esbuild/linux-riscv64/-/linux-riscv64-0.20.2.tgz",
      "integrity": "sha1-Gfbc2xRAna5gf2bKEYHdTp24EwA=",
      "cpu": [
        "riscv64"
      ],
      "optional": true,
      "os": [
        "linux"
      ],
      "engines": {
        "node": ">=12"
      }
    },
    "node_modules/@esbuild/linux-s390x": {
      "version": "0.20.2",
      "resolved": "https://azdo.microlise.com/MicroliseCollection/_packaging/Microlise/npm/registry/@esbuild/linux-s390x/-/linux-s390x-0.20.2.tgz",
      "integrity": "sha1-PIMMkPGl190Uc9VZXqTruSCYhoU=",
      "cpu": [
        "s390x"
      ],
      "optional": true,
      "os": [
        "linux"
      ],
      "engines": {
        "node": ">=12"
      }
    },
    "node_modules/@esbuild/linux-x64": {
      "version": "0.20.2",
      "resolved": "https://azdo.microlise.com/MicroliseCollection/_packaging/Microlise/npm/registry/@esbuild/linux-x64/-/linux-x64-0.20.2.tgz",
      "integrity": "sha1-huyjUgOvwNneBpTGTsCrCjePb/8=",
      "cpu": [
        "x64"
      ],
      "optional": true,
      "os": [
        "linux"
      ],
      "engines": {
        "node": ">=12"
      }
    },
    "node_modules/@esbuild/netbsd-x64": {
      "version": "0.20.2",
      "resolved": "https://azdo.microlise.com/MicroliseCollection/_packaging/Microlise/npm/registry/@esbuild/netbsd-x64/-/netbsd-x64-0.20.2.tgz",
      "integrity": "sha1-53HI6w4Pbhh3/9QiADa5iu1ZFeY=",
      "cpu": [
        "x64"
      ],
      "optional": true,
      "os": [
        "netbsd"
      ],
      "engines": {
        "node": ">=12"
      }
    },
    "node_modules/@esbuild/openbsd-x64": {
      "version": "0.20.2",
      "resolved": "https://azdo.microlise.com/MicroliseCollection/_packaging/Microlise/npm/registry/@esbuild/openbsd-x64/-/openbsd-x64-0.20.2.tgz",
      "integrity": "sha1-mnla5LTjfmdPD01xbz4ibdfDm68=",
      "cpu": [
        "x64"
      ],
      "optional": true,
      "os": [
        "openbsd"
      ],
      "engines": {
        "node": ">=12"
      }
    },
    "node_modules/@esbuild/sunos-x64": {
      "version": "0.20.2",
      "resolved": "https://azdo.microlise.com/MicroliseCollection/_packaging/Microlise/npm/registry/@esbuild/sunos-x64/-/sunos-x64-0.20.2.tgz",
      "integrity": "sha1-ffI7YaSXuKwYne9uJalWc8rtsD8=",
      "cpu": [
        "x64"
      ],
      "optional": true,
      "os": [
        "sunos"
      ],
      "engines": {
        "node": ">=12"
      }
    },
    "node_modules/@esbuild/win32-arm64": {
      "version": "0.20.2",
      "resolved": "https://azdo.microlise.com/MicroliseCollection/_packaging/Microlise/npm/registry/@esbuild/win32-arm64/-/win32-arm64-0.20.2.tgz",
      "integrity": "sha1-8a5av5ygUq4RwbyAb7TA9Rm6z5A=",
      "cpu": [
        "arm64"
      ],
      "optional": true,
      "os": [
        "win32"
      ],
      "engines": {
        "node": ">=12"
      }
    },
    "node_modules/@esbuild/win32-ia32": {
      "version": "0.20.2",
      "resolved": "https://azdo.microlise.com/MicroliseCollection/_packaging/Microlise/npm/registry/@esbuild/win32-ia32/-/win32-ia32-0.20.2.tgz",
      "integrity": "sha1-JB/mLDTY6EYc1wgneBPh0LpVziM=",
      "cpu": [
        "ia32"
      ],
      "optional": true,
      "os": [
        "win32"
      ],
      "engines": {
        "node": ">=12"
      }
    },
    "node_modules/@esbuild/win32-x64": {
      "version": "0.20.2",
      "resolved": "https://azdo.microlise.com/MicroliseCollection/_packaging/Microlise/npm/registry/@esbuild/win32-x64/-/win32-x64-0.20.2.tgz",
      "integrity": "sha1-nJB7IeMKUtuVm6T4C7AaDMQD1cw=",
      "cpu": [
        "x64"
      ],
      "optional": true,
      "os": [
        "win32"
      ],
      "engines": {
        "node": ">=12"
      }
    },
    "node_modules/@jridgewell/gen-mapping": {
      "version": "0.3.8",
      "resolved": "https://azdo.microlise.com/MicroliseCollection/_packaging/Microlise/npm/registry/@jridgewell/gen-mapping/-/gen-mapping-0.3.8.tgz",
      "integrity": "sha1-Tw4GNi4BNi+CPTSPGHKwj2ZtgUI=",
      "dependencies": {
        "@jridgewell/set-array": "^1.2.1",
        "@jridgewell/sourcemap-codec": "^1.4.10",
        "@jridgewell/trace-mapping": "^0.3.24"
      },
      "engines": {
        "node": ">=6.0.0"
      }
    },
    "node_modules/@jridgewell/resolve-uri": {
      "version": "3.1.2",
      "resolved": "https://azdo.microlise.com/MicroliseCollection/_packaging/Microlise/npm/registry/@jridgewell/resolve-uri/-/resolve-uri-3.1.2.tgz",
      "integrity": "sha1-eg7mAfYPmaIMfHxf8MgDiMEYm9Y=",
      "engines": {
        "node": ">=6.0.0"
      }
    },
    "node_modules/@jridgewell/set-array": {
      "version": "1.2.1",
      "resolved": "https://azdo.microlise.com/MicroliseCollection/_packaging/Microlise/npm/registry/@jridgewell/set-array/-/set-array-1.2.1.tgz",
      "integrity": "sha1-VY+2Ry7RakyFC4iVMOazZDjEkoA=",
      "engines": {
        "node": ">=6.0.0"
      }
    },
    "node_modules/@jridgewell/source-map": {
      "version": "0.3.6",
      "resolved": "https://azdo.microlise.com/MicroliseCollection/_packaging/Microlise/npm/registry/@jridgewell/source-map/-/source-map-0.3.6.tgz",
      "integrity": "sha1-nXHKiG4yUC65NiyadKRnh8Nt+Bo=",
      "dependencies": {
        "@jridgewell/gen-mapping": "^0.3.5",
        "@jridgewell/trace-mapping": "^0.3.25"
      }
    },
    "node_modules/@jridgewell/sourcemap-codec": {
      "version": "1.5.0",
      "resolved": "https://azdo.microlise.com/MicroliseCollection/_packaging/Microlise/npm/registry/@jridgewell/sourcemap-codec/-/sourcemap-codec-1.5.0.tgz",
      "integrity": "sha1-MYi8snOkFLDSFf0ipYVAuYm5QJo="
    },
    "node_modules/@jridgewell/trace-mapping": {
      "version": "0.3.25",
      "resolved": "https://azdo.microlise.com/MicroliseCollection/_packaging/Microlise/npm/registry/@jridgewell/trace-mapping/-/trace-mapping-0.3.25.tgz",
      "integrity": "sha1-FfGQ6YiV8/wjJ27hS8drZ1wuUPA=",
      "dependencies": {
        "@jridgewell/resolve-uri": "^3.1.0",
        "@jridgewell/sourcemap-codec": "^1.4.14"
      }
    },
    "node_modules/@lydell/elm": {
      "version": "0.19.1-14",
      "resolved": "https://azdo.microlise.com/MicroliseCollection/_packaging/Microlise/npm/registry/@lydell/elm/-/elm-0.19.1-14.tgz",
      "integrity": "sha1-JOigdzAgGBRIddNsxxLc94Nbp6A=",
      "hasInstallScript": true,
      "bin": {
        "elm": "bin/elm"
      },
      "optionalDependencies": {
        "@lydell/elm_darwin_arm64": "0.19.1-3",
        "@lydell/elm_darwin_x64": "0.19.1-2",
        "@lydell/elm_linux_arm": "0.19.1-0",
        "@lydell/elm_linux_arm64": "0.19.1-4",
        "@lydell/elm_linux_x64": "0.19.1-1",
        "@lydell/elm_win32_x64": "0.19.1-1"
      }
    },
    "node_modules/@lydell/elm_darwin_arm64": {
      "version": "0.19.1-3",
      "resolved": "https://azdo.microlise.com/MicroliseCollection/_packaging/Microlise/npm/registry/@lydell/elm_darwin_arm64/-/elm_darwin_arm64-0.19.1-3.tgz",
      "integrity": "sha1-tZpyUiq/ifThbBfeCPn3DDrCDxE=",
      "cpu": [
        "arm64"
      ],
      "optional": true,
      "os": [
        "darwin"
      ]
    },
    "node_modules/@lydell/elm_darwin_x64": {
      "version": "0.19.1-2",
      "resolved": "https://azdo.microlise.com/MicroliseCollection/_packaging/Microlise/npm/registry/@lydell/elm_darwin_x64/-/elm_darwin_x64-0.19.1-2.tgz",
      "integrity": "sha1-E2nP8MFwBS2Kms1JmY2Px0e14Co=",
      "cpu": [
        "x64"
      ],
      "optional": true,
      "os": [
        "darwin"
      ]
    },
    "node_modules/@lydell/elm_linux_arm": {
      "version": "0.19.1-0",
      "resolved": "https://azdo.microlise.com/MicroliseCollection/_packaging/Microlise/npm/registry/@lydell/elm_linux_arm/-/elm_linux_arm-0.19.1-0.tgz",
      "integrity": "sha1-tc+nN45DpwijRDgZqKWKJjW+Acc=",
      "cpu": [
        "arm"
      ],
      "optional": true,
      "os": [
        "linux"
      ]
    },
    "node_modules/@lydell/elm_linux_arm64": {
      "version": "0.19.1-4",
      "resolved": "https://azdo.microlise.com/MicroliseCollection/_packaging/Microlise/npm/registry/@lydell/elm_linux_arm64/-/elm_linux_arm64-0.19.1-4.tgz",
      "integrity": "sha1-BK/U7Npf9cBfQPaxgeu5haQTKDE=",
      "cpu": [
        "arm64"
      ],
      "optional": true,
      "os": [
        "linux"
      ]
    },
    "node_modules/@lydell/elm_linux_x64": {
      "version": "0.19.1-1",
      "resolved": "https://azdo.microlise.com/MicroliseCollection/_packaging/Microlise/npm/registry/@lydell/elm_linux_x64/-/elm_linux_x64-0.19.1-1.tgz",
      "integrity": "sha1-x0ubadAG2eyfU5ARMdF1x9OgmXE=",
      "cpu": [
        "x64"
      ],
      "optional": true,
      "os": [
        "linux"
      ]
    },
    "node_modules/@lydell/elm_win32_x64": {
      "version": "0.19.1-1",
      "resolved": "https://azdo.microlise.com/MicroliseCollection/_packaging/Microlise/npm/registry/@lydell/elm_win32_x64/-/elm_win32_x64-0.19.1-1.tgz",
      "integrity": "sha1-M6CJHp/w3NmrQnUoaRYW0nbRll0=",
      "cpu": [
        "x64"
      ],
      "optional": true,
      "os": [
        "win32"
      ]
    },
    "node_modules/@rollup/rollup-android-arm-eabi": {
      "version": "4.30.1",
      "resolved": "https://azdo.microlise.com/MicroliseCollection/_packaging/Microlise/npm/registry/@rollup/rollup-android-arm-eabi/-/rollup-android-arm-eabi-4.30.1.tgz",
      "integrity": "sha1-FMc33BlgOgllaAROrapgOV7vuAk=",
      "cpu": [
        "arm"
      ],
      "optional": true,
      "os": [
        "android"
      ]
    },
    "node_modules/@rollup/rollup-android-arm64": {
      "version": "4.30.1",
      "resolved": "https://azdo.microlise.com/MicroliseCollection/_packaging/Microlise/npm/registry/@rollup/rollup-android-arm64/-/rollup-android-arm64-4.30.1.tgz",
      "integrity": "sha1-nYHqVPxWUOtOu8Cn2EzuMxv6MK0=",
      "cpu": [
        "arm64"
      ],
      "optional": true,
      "os": [
        "android"
      ]
    },
    "node_modules/@rollup/rollup-darwin-arm64": {
      "version": "4.30.1",
      "resolved": "https://azdo.microlise.com/MicroliseCollection/_packaging/Microlise/npm/registry/@rollup/rollup-darwin-arm64/-/rollup-darwin-arm64-4.30.1.tgz",
      "integrity": "sha1-KUSMsTcM9ni1B0PS45K+GEcKvCM=",
      "cpu": [
        "arm64"
      ],
      "optional": true,
      "os": [
        "darwin"
      ]
    },
    "node_modules/@rollup/rollup-darwin-x64": {
      "version": "4.30.1",
      "resolved": "https://azdo.microlise.com/MicroliseCollection/_packaging/Microlise/npm/registry/@rollup/rollup-darwin-x64/-/rollup-darwin-x64-4.30.1.tgz",
      "integrity": "sha1-DKmXQcPtCWcAVXpDuwM1lFDHhX0=",
      "cpu": [
        "x64"
      ],
      "optional": true,
      "os": [
        "darwin"
      ]
    },
    "node_modules/@rollup/rollup-freebsd-arm64": {
      "version": "4.30.1",
      "resolved": "https://azdo.microlise.com/MicroliseCollection/_packaging/Microlise/npm/registry/@rollup/rollup-freebsd-arm64/-/rollup-freebsd-arm64-4.30.1.tgz",
      "integrity": "sha1-Iz+OTC9UrZtxnNlkWIfcvRKzgAM=",
      "cpu": [
        "arm64"
      ],
      "optional": true,
      "os": [
        "freebsd"
      ]
    },
    "node_modules/@rollup/rollup-freebsd-x64": {
      "version": "4.30.1",
      "resolved": "https://azdo.microlise.com/MicroliseCollection/_packaging/Microlise/npm/registry/@rollup/rollup-freebsd-x64/-/rollup-freebsd-x64-4.30.1.tgz",
      "integrity": "sha1-37p2KgIwY9yQFhByKZUobfSkg2A=",
      "cpu": [
        "x64"
      ],
      "optional": true,
      "os": [
        "freebsd"
      ]
    },
    "node_modules/@rollup/rollup-linux-arm-gnueabihf": {
      "version": "4.30.1",
      "resolved": "https://azdo.microlise.com/MicroliseCollection/_packaging/Microlise/npm/registry/@rollup/rollup-linux-arm-gnueabihf/-/rollup-linux-arm-gnueabihf-4.30.1.tgz",
      "integrity": "sha1-udpUFxcmJmxe9CN/RiqFs8PPask=",
      "cpu": [
        "arm"
      ],
      "optional": true,
      "os": [
        "linux"
      ]
    },
    "node_modules/@rollup/rollup-linux-arm-musleabihf": {
      "version": "4.30.1",
      "resolved": "https://azdo.microlise.com/MicroliseCollection/_packaging/Microlise/npm/registry/@rollup/rollup-linux-arm-musleabihf/-/rollup-linux-arm-musleabihf-4.30.1.tgz",
      "integrity": "sha1-udtps/hfVSnrmSk22PQR7m0EKXs=",
      "cpu": [
        "arm"
      ],
      "optional": true,
      "os": [
        "linux"
      ]
    },
    "node_modules/@rollup/rollup-linux-arm64-gnu": {
      "version": "4.30.1",
      "resolved": "https://azdo.microlise.com/MicroliseCollection/_packaging/Microlise/npm/registry/@rollup/rollup-linux-arm64-gnu/-/rollup-linux-arm64-gnu-4.30.1.tgz",
      "integrity": "sha1-JVDPm7TUfZF/0atK91bXu8PuFSg=",
      "cpu": [
        "arm64"
      ],
      "optional": true,
      "os": [
        "linux"
      ]
    },
    "node_modules/@rollup/rollup-linux-arm64-musl": {
      "version": "4.30.1",
      "resolved": "https://azdo.microlise.com/MicroliseCollection/_packaging/Microlise/npm/registry/@rollup/rollup-linux-arm64-musl/-/rollup-linux-arm64-musl-4.30.1.tgz",
      "integrity": "sha1-nQaybShsfd7WM2lhovg+SDMODIA=",
      "cpu": [
        "arm64"
      ],
      "optional": true,
      "os": [
        "linux"
      ]
    },
    "node_modules/@rollup/rollup-linux-loongarch64-gnu": {
      "version": "4.30.1",
      "resolved": "https://azdo.microlise.com/MicroliseCollection/_packaging/Microlise/npm/registry/@rollup/rollup-linux-loongarch64-gnu/-/rollup-linux-loongarch64-gnu-4.30.1.tgz",
      "integrity": "sha1-6Ve7j+4MgCEymjTKjfqCWCbuDi4=",
      "cpu": [
        "loong64"
      ],
      "optional": true,
      "os": [
        "linux"
      ]
    },
    "node_modules/@rollup/rollup-linux-powerpc64le-gnu": {
      "version": "4.30.1",
      "resolved": "https://azdo.microlise.com/MicroliseCollection/_packaging/Microlise/npm/registry/@rollup/rollup-linux-powerpc64le-gnu/-/rollup-linux-powerpc64le-gnu-4.30.1.tgz",
      "integrity": "sha1-6FhQdd37OJIixaraOepi1tJRHMw=",
      "cpu": [
        "ppc64"
      ],
      "optional": true,
      "os": [
        "linux"
      ]
    },
    "node_modules/@rollup/rollup-linux-riscv64-gnu": {
      "version": "4.30.1",
      "resolved": "https://azdo.microlise.com/MicroliseCollection/_packaging/Microlise/npm/registry/@rollup/rollup-linux-riscv64-gnu/-/rollup-linux-riscv64-gnu-4.30.1.tgz",
      "integrity": "sha1-fQ1AzueUbMqlpOGaNcaSVERpap4=",
      "cpu": [
        "riscv64"
      ],
      "optional": true,
      "os": [
        "linux"
      ]
    },
    "node_modules/@rollup/rollup-linux-s390x-gnu": {
      "version": "4.30.1",
      "resolved": "https://azdo.microlise.com/MicroliseCollection/_packaging/Microlise/npm/registry/@rollup/rollup-linux-s390x-gnu/-/rollup-linux-s390x-gnu-4.30.1.tgz",
      "integrity": "sha1-wtzYpLCLLyd47Ot6Wl395iQOveo=",
      "cpu": [
        "s390x"
      ],
      "optional": true,
      "os": [
        "linux"
      ]
    },
    "node_modules/@rollup/rollup-linux-x64-gnu": {
      "version": "4.30.1",
      "resolved": "https://azdo.microlise.com/MicroliseCollection/_packaging/Microlise/npm/registry/@rollup/rollup-linux-x64-gnu/-/rollup-linux-x64-gnu-4.30.1.tgz",
      "integrity": "sha1-GDY32RRWh3y4PQoDFetHiFc6pYg=",
      "cpu": [
        "x64"
      ],
      "optional": true,
      "os": [
        "linux"
      ]
    },
    "node_modules/@rollup/rollup-linux-x64-musl": {
      "version": "4.30.1",
      "resolved": "https://azdo.microlise.com/MicroliseCollection/_packaging/Microlise/npm/registry/@rollup/rollup-linux-x64-musl/-/rollup-linux-x64-musl-4.30.1.tgz",
      "integrity": "sha1-A2pMhgZiUZ8flFOAdUf9KhHVuwE=",
      "cpu": [
        "x64"
      ],
      "optional": true,
      "os": [
        "linux"
      ]
    },
    "node_modules/@rollup/rollup-win32-arm64-msvc": {
      "version": "4.30.1",
      "resolved": "https://azdo.microlise.com/MicroliseCollection/_packaging/Microlise/npm/registry/@rollup/rollup-win32-arm64-msvc/-/rollup-win32-arm64-msvc-4.30.1.tgz",
      "integrity": "sha1-UcrYEkVuYWv+TbUjj7nHSX4EKlI=",
      "cpu": [
        "arm64"
      ],
      "optional": true,
      "os": [
        "win32"
      ]
    },
    "node_modules/@rollup/rollup-win32-ia32-msvc": {
      "version": "4.30.1",
      "resolved": "https://azdo.microlise.com/MicroliseCollection/_packaging/Microlise/npm/registry/@rollup/rollup-win32-ia32-msvc/-/rollup-win32-ia32-msvc-4.30.1.tgz",
      "integrity": "sha1-ZhyLPkzWD1HeqjnRU6rEVm50jl4=",
      "cpu": [
        "ia32"
      ],
      "optional": true,
      "os": [
        "win32"
      ]
    },
    "node_modules/@rollup/rollup-win32-x64-msvc": {
      "version": "4.30.1",
      "resolved": "https://azdo.microlise.com/MicroliseCollection/_packaging/Microlise/npm/registry/@rollup/rollup-win32-x64-msvc/-/rollup-win32-x64-msvc-4.30.1.tgz",
      "integrity": "sha1-c78Yhf8FK4L7sPgvhnH3PDbpE3w=",
      "cpu": [
        "x64"
      ],
      "optional": true,
      "os": [
        "win32"
      ]
    },
    "node_modules/@types/estree": {
      "version": "1.0.6",
      "resolved": "https://azdo.microlise.com/MicroliseCollection/_packaging/Microlise/npm/registry/@types/estree/-/estree-1.0.6.tgz",
      "integrity": "sha1-Yo7/7q4gZKG055946B2Ht+X8e1A="
    },
    "node_modules/acorn": {
      "version": "8.14.0",
      "resolved": "https://azdo.microlise.com/MicroliseCollection/_packaging/Microlise/npm/registry/acorn/-/acorn-8.14.0.tgz",
      "integrity": "sha1-Bj4scMrF+09kZ/CxEVLgTGgnlbA=",
      "bin": {
        "acorn": "bin/acorn"
      },
      "engines": {
        "node": ">=0.4.0"
      }
    },
    "node_modules/anymatch": {
      "version": "3.1.3",
      "resolved": "https://registry.npmjs.org/anymatch/-/anymatch-3.1.3.tgz",
      "integrity": "sha512-KMReFUr0B4t+D+OBkjR3KYqvocp2XaSzO55UcB6mgQMd3KbcE+mWTyvVV7D/zsdEbNnV6acZUutkiHQXvTr1Rw==",
      "license": "ISC",
      "dependencies": {
        "normalize-path": "^3.0.0",
        "picomatch": "^2.0.4"
      },
      "engines": {
        "node": ">= 8"
      }
    },
    "node_modules/binary-extensions": {
      "version": "2.3.0",
      "resolved": "https://registry.npmjs.org/binary-extensions/-/binary-extensions-2.3.0.tgz",
      "integrity": "sha512-Ceh+7ox5qe7LJuLHoY0feh3pHuUDHAcRUeyL2VYghZwfpkNIy/+8Ocg0a3UuSoYzavmylwuLWQOf3hl0jjMMIw==",
      "license": "MIT",
      "engines": {
        "node": ">=8"
      },
      "funding": {
        "url": "https://github.com/sponsors/sindresorhus"
      }
    },
    "node_modules/braces": {
      "version": "3.0.3",
      "resolved": "https://registry.npmjs.org/braces/-/braces-3.0.3.tgz",
      "integrity": "sha512-yQbXgO/OSZVD2IsiLlro+7Hf6Q18EJrKSEsdoMzKePKXct3gvD8oLcOQdIzGupr5Fj+EDe8gO/lxc1BzfMpxvA==",
      "license": "MIT",
      "dependencies": {
        "fill-range": "^7.1.1"
      },
      "engines": {
        "node": ">=8"
      }
    },
    "node_modules/buffer-from": {
      "version": "1.1.2",
      "resolved": "https://registry.npmjs.org/buffer-from/-/buffer-from-1.1.2.tgz",
      "integrity": "sha512-E+XQCRwSbaaiChtv6k6Dwgc+bx+Bs6vuKJHHl5kox/BaKbhiXzqQOwK4cO22yElGp2OCmjwVhT3HmxgyPGnJfQ==",
      "license": "MIT"
    },
    "node_modules/commander": {
      "version": "2.20.3",
      "resolved": "https://registry.npmjs.org/commander/-/commander-2.20.3.tgz",
      "integrity": "sha512-GpVkmM8vF2vQUkj2LvZmD35JxeJOLCwJ9cUkugyk2nuhbv3+mJvpLYYt+0+USMxE+oj+ey/lJEnhZw75x/OMcQ==",
      "license": "MIT"
    },
    "node_modules/elm": {
      "version": "0.19.1-6",
      "resolved": "https://azdo.microlise.com/MicroliseCollection/_packaging/Microlise/npm/registry/elm/-/elm-0.19.1-6.tgz",
      "integrity": "sha1-tvUdCt2Id95wWSCXqPbvxFiMR2o=",
      "hasInstallScript": true,
      "bin": {
        "elm": "bin/elm"
      },
      "engines": {
        "node": ">=7.0.0"
      },
      "optionalDependencies": {
        "@elm_binaries/darwin_arm64": "0.19.1-0",
        "@elm_binaries/darwin_x64": "0.19.1-0",
        "@elm_binaries/linux_x64": "0.19.1-0",
        "@elm_binaries/win32_x64": "0.19.1-0"
      }
    },
    "node_modules/elm-land": {
      "version": "0.20.1",
      "resolved": "https://azdo.microlise.com/MicroliseCollection/_packaging/Microlise/npm/registry/elm-land/-/elm-land-0.20.1.tgz",
      "integrity": "sha1-5foZphkAF6tIylWiHg309+upaYE=",
      "dependencies": {
        "@lydell/elm": "0.19.1-14",
        "chokidar": "3.5.3",
        "terser": "5.15.1",
        "typescript": "4.9.3",
        "vite": "5.2.8",
        "vite-plugin-elm-watch": "1.3.3"
      },
      "bin": {
        "elm-land": "src/index.js"
      }
    },
    "node_modules/elm-land/node_modules/chokidar": {
      "version": "3.5.3",
      "resolved": "https://azdo.microlise.com/MicroliseCollection/_packaging/Microlise/npm/registry/chokidar/-/chokidar-3.5.3.tgz",
      "integrity": "sha1-HPN8hwe5Mr0a8a4iwEMuKs0ZA70=",
      "funding": [
        {
          "type": "individual",
          "url": "https://paulmillr.com/funding/"
        }
      ],
      "dependencies": {
        "anymatch": "~3.1.2",
        "braces": "~3.0.2",
        "glob-parent": "~5.1.2",
        "is-binary-path": "~2.1.0",
        "is-glob": "~4.0.1",
        "normalize-path": "~3.0.0",
        "readdirp": "~3.6.0"
      },
      "engines": {
        "node": ">= 8.10.0"
      },
      "optionalDependencies": {
        "fsevents": "~2.3.2"
      }
    },
    "node_modules/elm-land/node_modules/readdirp": {
      "version": "3.6.0",
      "resolved": "https://azdo.microlise.com/MicroliseCollection/_packaging/Microlise/npm/registry/readdirp/-/readdirp-3.6.0.tgz",
      "integrity": "sha1-dKNwvYVxFuJFspzJc0DNQxoCpsc=",
      "dependencies": {
        "picomatch": "^2.2.1"
      },
      "engines": {
        "node": ">=8.10.0"
      }
    },
    "node_modules/elm-land/node_modules/terser": {
      "version": "5.15.1",
      "resolved": "https://azdo.microlise.com/MicroliseCollection/_packaging/Microlise/npm/registry/terser/-/terser-5.15.1.tgz",
      "integrity": "sha1-hWGvbg/W2DlmnHO5K91Xd9hw7Ww=",
      "dependencies": {
        "@jridgewell/source-map": "^0.3.2",
        "acorn": "^8.5.0",
        "commander": "^2.20.0",
        "source-map-support": "~0.5.20"
      },
      "bin": {
        "terser": "bin/terser"
      },
      "engines": {
        "node": ">=10"
      }
    },
    "node_modules/elm-land/node_modules/vite": {
      "version": "5.2.8",
      "resolved": "https://azdo.microlise.com/MicroliseCollection/_packaging/Microlise/npm/registry/vite/-/vite-5.2.8.tgz",
      "integrity": "sha1-qZ4Jk58aUCmSOBOVzpPvpAooRKo=",
      "dependencies": {
        "esbuild": "^0.20.1",
        "postcss": "^8.4.38",
        "rollup": "^4.13.0"
      },
      "bin": {
        "vite": "bin/vite.js"
      },
      "engines": {
        "node": "^18.0.0 || >=20.0.0"
      },
      "funding": {
        "url": "https://github.com/vitejs/vite?sponsor=1"
      },
      "optionalDependencies": {
        "fsevents": "~2.3.3"
      },
      "peerDependencies": {
        "@types/node": "^18.0.0 || >=20.0.0",
        "less": "*",
        "lightningcss": "^1.21.0",
        "sass": "*",
        "stylus": "*",
        "sugarss": "*",
        "terser": "^5.4.0"
      },
      "peerDependenciesMeta": {
        "@types/node": {
          "optional": true
        },
        "less": {
          "optional": true
        },
        "lightningcss": {
          "optional": true
        },
        "sass": {
          "optional": true
        },
        "stylus": {
          "optional": true
        },
        "sugarss": {
          "optional": true
        },
        "terser": {
          "optional": true
        }
      }
    },
    "node_modules/esbuild": {
      "version": "0.20.2",
      "resolved": "https://azdo.microlise.com/MicroliseCollection/_packaging/Microlise/npm/registry/esbuild/-/esbuild-0.20.2.tgz",
      "integrity": "sha1-nWsjhlYXZu5rWlUZbG12bSjIfqE=",
      "hasInstallScript": true,
      "bin": {
        "esbuild": "bin/esbuild"
      },
      "engines": {
        "node": ">=12"
      },
      "optionalDependencies": {
        "@esbuild/aix-ppc64": "0.20.2",
        "@esbuild/android-arm": "0.20.2",
        "@esbuild/android-arm64": "0.20.2",
        "@esbuild/android-x64": "0.20.2",
        "@esbuild/darwin-arm64": "0.20.2",
        "@esbuild/darwin-x64": "0.20.2",
        "@esbuild/freebsd-arm64": "0.20.2",
        "@esbuild/freebsd-x64": "0.20.2",
        "@esbuild/linux-arm": "0.20.2",
        "@esbuild/linux-arm64": "0.20.2",
        "@esbuild/linux-ia32": "0.20.2",
        "@esbuild/linux-loong64": "0.20.2",
        "@esbuild/linux-mips64el": "0.20.2",
        "@esbuild/linux-ppc64": "0.20.2",
        "@esbuild/linux-riscv64": "0.20.2",
        "@esbuild/linux-s390x": "0.20.2",
        "@esbuild/linux-x64": "0.20.2",
        "@esbuild/netbsd-x64": "0.20.2",
        "@esbuild/openbsd-x64": "0.20.2",
        "@esbuild/sunos-x64": "0.20.2",
        "@esbuild/win32-arm64": "0.20.2",
        "@esbuild/win32-ia32": "0.20.2",
        "@esbuild/win32-x64": "0.20.2"
      }
    },
    "node_modules/fill-range": {
      "version": "7.1.1",
      "resolved": "https://registry.npmjs.org/fill-range/-/fill-range-7.1.1.tgz",
      "integrity": "sha512-YsGpe3WHLK8ZYi4tWDg2Jy3ebRz2rXowDxnld4bkQB00cc/1Zw9AWnC0i9ztDJitivtQvaI9KaLyKrc+hBW0yg==",
      "license": "MIT",
      "dependencies": {
        "to-regex-range": "^5.0.1"
      },
      "engines": {
        "node": ">=8"
      }
    },
    "node_modules/fsevents": {
      "version": "2.3.3",
      "resolved": "https://azdo.microlise.com/MicroliseCollection/_packaging/Microlise/npm/registry/fsevents/-/fsevents-2.3.3.tgz",
      "integrity": "sha1-ysZAd4XQNnWipeGlMFxpezR9kNY=",
      "optional": true,
      "os": [
        "darwin"
      ],
      "engines": {
        "node": "^8.16.0 || ^10.6.0 || >=11.0.0"
      }
    },
    "node_modules/glob-parent": {
      "version": "5.1.2",
      "resolved": "https://registry.npmjs.org/glob-parent/-/glob-parent-5.1.2.tgz",
      "integrity": "sha512-AOIgSQCepiJYwP3ARnGx+5VnTu2HBYdzbGP45eLw1vr3zB3vZLeyed1sC9hnbcOc9/SrMyM5RPQrkGz4aS9Zow==",
      "license": "ISC",
      "dependencies": {
        "is-glob": "^4.0.1"
      },
      "engines": {
        "node": ">= 6"
      }
    },
    "node_modules/is-binary-path": {
      "version": "2.1.0",
      "resolved": "https://registry.npmjs.org/is-binary-path/-/is-binary-path-2.1.0.tgz",
      "integrity": "sha512-ZMERYes6pDydyuGidse7OsHxtbI7WVeUEozgR/g7rd0xUimYNlvZRE/K2MgZTjWy725IfelLeVcEM97mmtRGXw==",
      "license": "MIT",
      "dependencies": {
        "binary-extensions": "^2.0.0"
      },
      "engines": {
        "node": ">=8"
      }
    },
    "node_modules/is-extglob": {
      "version": "2.1.1",
      "resolved": "https://registry.npmjs.org/is-extglob/-/is-extglob-2.1.1.tgz",
      "integrity": "sha512-SbKbANkN603Vi4jEZv49LeVJMn4yGwsbzZworEoyEiutsN3nJYdbO36zfhGJ6QEDpOZIFkDtnq5JRxmvl3jsoQ==",
      "license": "MIT",
      "engines": {
        "node": ">=0.10.0"
      }
    },
    "node_modules/is-glob": {
      "version": "4.0.3",
      "resolved": "https://registry.npmjs.org/is-glob/-/is-glob-4.0.3.tgz",
      "integrity": "sha512-xelSayHH36ZgE7ZWhli7pW34hNbNl8Ojv5KVmkJD4hBdD3th8Tfk9vYasLM+mXWOZhFkgZfxhLSnrwRr4elSSg==",
      "license": "MIT",
      "dependencies": {
        "is-extglob": "^2.1.1"
      },
      "engines": {
        "node": ">=0.10.0"
      }
    },
    "node_modules/is-number": {
      "version": "7.0.0",
      "resolved": "https://registry.npmjs.org/is-number/-/is-number-7.0.0.tgz",
      "integrity": "sha512-41Cifkg6e8TylSpdtTpeLVMqvSBEVzTttHvERD741+pnZ8ANv0004MRL43QKPDlK9cGvNp6NZWZUBlbGXYxxng==",
      "license": "MIT",
      "engines": {
        "node": ">=0.12.0"
      }
    },
    "node_modules/isexe": {
      "version": "2.0.0",
      "resolved": "https://registry.npmjs.org/isexe/-/isexe-2.0.0.tgz",
      "integrity": "sha512-RHxMLp9lnKHGHRng9QFhRCMbYAcVpn69smSGcq3f36xjgVVWThj4qqLbTLlq7Ssj8B+fIQ1EuCEGI2lKsyQeIw==",
      "license": "ISC"
    },
    "node_modules/launch-editor": {
      "version": "2.6.1",
      "resolved": "https://azdo.microlise.com/MicroliseCollection/_packaging/Microlise/npm/registry/launch-editor/-/launch-editor-2.6.1.tgz",
      "integrity": "sha1-8lnJ75XLyUJWILu9FLRo/NtP/jw=",
      "dependencies": {
        "picocolors": "^1.0.0",
        "shell-quote": "^1.8.1"
      }
    },
    "node_modules/nanoid": {
      "version": "3.3.8",
      "resolved": "https://azdo.microlise.com/MicroliseCollection/_packaging/Microlise/npm/registry/nanoid/-/nanoid-3.3.8.tgz",
      "integrity": "sha1-sb4wML7jaq/xi6yzdeXM5SFoS68=",
      "funding": [
        {
          "type": "github",
          "url": "https://github.com/sponsors/ai"
        }
      ],
      "bin": {
        "nanoid": "bin/nanoid.cjs"
      },
      "engines": {
        "node": "^10 || ^12 || ^13.7 || ^14 || >=15.0.1"
      }
    },
    "node_modules/normalize-path": {
      "version": "3.0.0",
      "resolved": "https://registry.npmjs.org/normalize-path/-/normalize-path-3.0.0.tgz",
      "integrity": "sha512-6eZs5Ls3WtCisHWp9S2GUy8dqkpGi4BVSz3GaqiE6ezub0512ESztXUwUB6C6IKbQkY2Pnb/mD4WYojCRwcwLA==",
      "license": "MIT",
      "engines": {
        "node": ">=0.10.0"
      }
    },
    "node_modules/picocolors": {
      "version": "1.1.1",
      "resolved": "https://azdo.microlise.com/MicroliseCollection/_packaging/Microlise/npm/registry/picocolors/-/picocolors-1.1.1.tgz",
      "integrity": "sha1-PTIa8+q5ObCDyPkpodEs2oHCa2s="
    },
    "node_modules/picomatch": {
      "version": "2.3.1",
      "resolved": "https://registry.npmjs.org/picomatch/-/picomatch-2.3.1.tgz",
      "integrity": "sha512-JU3teHTNjmE2VCGFzuY8EXzCDVwEqB2a8fsIvwaStHhAWJEeVd1o1QD80CU6+ZdEXXSLbSsuLwJjkCBWqRQUVA==",
      "license": "MIT",
      "engines": {
        "node": ">=8.6"
      },
      "funding": {
        "url": "https://github.com/sponsors/jonschlinkert"
      }
    },
    "node_modules/postcss": {
      "version": "8.4.49",
      "resolved": "https://azdo.microlise.com/MicroliseCollection/_packaging/Microlise/npm/registry/postcss/-/postcss-8.4.49.tgz",
      "integrity": "sha1-TqR5BIqwWas65h0IIZD6v9mU/hk=",
      "funding": [
        {
          "type": "opencollective",
          "url": "https://opencollective.com/postcss/"
        },
        {
          "type": "tidelift",
          "url": "https://tidelift.com/funding/github/npm/postcss"
        },
        {
          "type": "github",
          "url": "https://github.com/sponsors/ai"
        }
      ],
      "dependencies": {
        "nanoid": "^3.3.7",
        "picocolors": "^1.1.1",
        "source-map-js": "^1.2.1"
      },
      "engines": {
        "node": "^10 || ^12 || >=14"
      }
    },
    "node_modules/rollup": {
      "version": "4.30.1",
      "resolved": "https://azdo.microlise.com/MicroliseCollection/_packaging/Microlise/npm/registry/rollup/-/rollup-4.30.1.tgz",
      "integrity": "sha1-1cPQZgVSWTZs3D628dBRxdavr3Q=",
      "dependencies": {
        "@types/estree": "1.0.6"
      },
      "bin": {
        "rollup": "dist/bin/rollup"
      },
      "engines": {
        "node": ">=18.0.0",
        "npm": ">=8.0.0"
      },
      "optionalDependencies": {
        "@rollup/rollup-android-arm-eabi": "4.30.1",
        "@rollup/rollup-android-arm64": "4.30.1",
        "@rollup/rollup-darwin-arm64": "4.30.1",
        "@rollup/rollup-darwin-x64": "4.30.1",
        "@rollup/rollup-freebsd-arm64": "4.30.1",
        "@rollup/rollup-freebsd-x64": "4.30.1",
        "@rollup/rollup-linux-arm-gnueabihf": "4.30.1",
        "@rollup/rollup-linux-arm-musleabihf": "4.30.1",
        "@rollup/rollup-linux-arm64-gnu": "4.30.1",
        "@rollup/rollup-linux-arm64-musl": "4.30.1",
        "@rollup/rollup-linux-loongarch64-gnu": "4.30.1",
        "@rollup/rollup-linux-powerpc64le-gnu": "4.30.1",
        "@rollup/rollup-linux-riscv64-gnu": "4.30.1",
        "@rollup/rollup-linux-s390x-gnu": "4.30.1",
        "@rollup/rollup-linux-x64-gnu": "4.30.1",
        "@rollup/rollup-linux-x64-musl": "4.30.1",
        "@rollup/rollup-win32-arm64-msvc": "4.30.1",
        "@rollup/rollup-win32-ia32-msvc": "4.30.1",
        "@rollup/rollup-win32-x64-msvc": "4.30.1",
        "fsevents": "~2.3.2"
      }
    },
    "node_modules/shell-quote": {
      "version": "1.8.2",
      "resolved": "https://azdo.microlise.com/MicroliseCollection/_packaging/Microlise/npm/registry/shell-quote/-/shell-quote-1.8.2.tgz",
      "integrity": "sha1-0tg+BXlZ1T7CYTEenpuPUdyyk0o=",
      "engines": {
        "node": ">= 0.4"
      },
      "funding": {
        "url": "https://github.com/sponsors/ljharb"
      }
    },
    "node_modules/source-map-js": {
      "version": "1.2.1",
      "resolved": "https://azdo.microlise.com/MicroliseCollection/_packaging/Microlise/npm/registry/source-map-js/-/source-map-js-1.2.1.tgz",
      "integrity": "sha1-HOVlD93YerwJnto33P8CTCZnrkY=",
      "engines": {
        "node": ">=0.10.0"
      }
    },
    "node_modules/source-map-support": {
      "version": "0.5.21",
      "resolved": "https://registry.npmjs.org/source-map-support/-/source-map-support-0.5.21.tgz",
      "integrity": "sha512-uBHU3L3czsIyYXKX88fdrGovxdSCoTGDRZ6SYXtSRxLZUzHg5P/66Ht6uoUlHu9EZod+inXhKo3qQgwXUT/y1w==",
      "license": "MIT",
      "dependencies": {
        "buffer-from": "^1.0.0",
        "source-map": "^0.6.0"
      }
    },
    "node_modules/source-map-support/node_modules/source-map": {
      "version": "0.6.1",
      "resolved": "https://registry.npmjs.org/source-map/-/source-map-0.6.1.tgz",
      "integrity": "sha512-UjgapumWlbMhkBgzT7Ykc5YXUT46F0iKu8SGXq0bcwP5dz/h0Plj6enJqjz1Zbq2l5WaqYnrVbwWOWMyF3F47g==",
      "license": "BSD-3-Clause",
      "engines": {
        "node": ">=0.10.0"
      }
    },
    "node_modules/tiny-decoders": {
      "version": "7.0.1",
      "resolved": "https://azdo.microlise.com/MicroliseCollection/_packaging/Microlise/npm/registry/tiny-decoders/-/tiny-decoders-7.0.1.tgz",
      "integrity": "sha1-zoDTd6IUpcRv/dN7OxT2TpEhUhA="
    },
    "node_modules/to-regex-range": {
      "version": "5.0.1",
      "resolved": "https://registry.npmjs.org/to-regex-range/-/to-regex-range-5.0.1.tgz",
      "integrity": "sha512-65P7iz6X5yEr1cwcgvQxbbIw7Uk3gOy5dIdtZ4rDveLqhrdJP+Li/Hx6tyK0NEb+2GCyneCMJiGqrADCSNk8sQ==",
      "license": "MIT",
      "dependencies": {
        "is-number": "^7.0.0"
      },
      "engines": {
        "node": ">=8.0"
      }
    },
    "node_modules/typescript": {
      "version": "4.9.3",
      "resolved": "https://azdo.microlise.com/MicroliseCollection/_packaging/Microlise/npm/registry/typescript/-/typescript-4.9.3.tgz",
      "integrity": "sha1-OuowfBdGuMOEQ12Kw2uKLlgNhds=",
      "bin": {
        "tsc": "bin/tsc",
        "tsserver": "bin/tsserver"
      },
      "engines": {
        "node": ">=4.2.0"
      }
    },
    "node_modules/vite-plugin-elm-watch": {
      "version": "1.3.3",
      "resolved": "https://azdo.microlise.com/MicroliseCollection/_packaging/Microlise/npm/registry/vite-plugin-elm-watch/-/vite-plugin-elm-watch-1.3.3.tgz",
      "integrity": "sha1-Fj+uh8DhwgrSb6W8AtjMQ1O2PSI=",
      "dependencies": {
        "cross-spawn": "7.0.3",
        "elm": "0.19.1-6",
        "launch-editor": "2.6.1",
        "terser": "5.26.0",
        "tiny-decoders": "7.0.1"
      }
    },
    "node_modules/vite-plugin-elm-watch/node_modules/cross-spawn": {
      "version": "7.0.3",
      "resolved": "https://azdo.microlise.com/MicroliseCollection/_packaging/Microlise/npm/registry/cross-spawn/-/cross-spawn-7.0.3.tgz",
      "integrity": "sha1-9zqFudXUHQRVUcF34ogtSshXKKY=",
      "dependencies": {
        "path-key": "^3.1.0",
        "shebang-command": "^2.0.0",
        "which": "^2.0.1"
      },
      "engines": {
        "node": ">= 8"
      }
    },
    "node_modules/vite-plugin-elm-watch/node_modules/path-key": {
      "version": "3.1.1",
      "resolved": "https://azdo.microlise.com/MicroliseCollection/_packaging/Microlise/npm/registry/path-key/-/path-key-3.1.1.tgz",
      "integrity": "sha1-WB9q3mWMu6ZaDTOA3ndTKVBU83U=",
      "engines": {
        "node": ">=8"
      }
    },
    "node_modules/vite-plugin-elm-watch/node_modules/shebang-command": {
      "version": "2.0.0",
      "resolved": "https://azdo.microlise.com/MicroliseCollection/_packaging/Microlise/npm/registry/shebang-command/-/shebang-command-2.0.0.tgz",
      "integrity": "sha1-zNCvT4g1+9wmW4JGGq8MNmY/NOo=",
      "dependencies": {
        "shebang-regex": "^3.0.0"
      },
      "engines": {
        "node": ">=8"
      }
    },
    "node_modules/vite-plugin-elm-watch/node_modules/shebang-regex": {
      "version": "3.0.0",
      "resolved": "https://azdo.microlise.com/MicroliseCollection/_packaging/Microlise/npm/registry/shebang-regex/-/shebang-regex-3.0.0.tgz",
      "integrity": "sha1-rhbxZE2HPsrYQ7AwexQzYtTEIXI=",
      "engines": {
        "node": ">=8"
      }
    },
    "node_modules/vite-plugin-elm-watch/node_modules/terser": {
      "version": "5.26.0",
      "resolved": "https://azdo.microlise.com/MicroliseCollection/_packaging/Microlise/npm/registry/terser/-/terser-5.26.0.tgz",
      "integrity": "sha1-7p8F2Sn0GJqcKKD+uInZbVASb+E=",
      "dependencies": {
        "@jridgewell/source-map": "^0.3.3",
        "acorn": "^8.8.2",
        "commander": "^2.20.0",
        "source-map-support": "~0.5.20"
      },
      "bin": {
        "terser": "bin/terser"
      },
      "engines": {
        "node": ">=10"
      }
    },
    "node_modules/vite-plugin-elm-watch/node_modules/which": {
      "version": "2.0.2",
      "resolved": "https://azdo.microlise.com/MicroliseCollection/_packaging/Microlise/npm/registry/which/-/which-2.0.2.tgz",
      "integrity": "sha1-fGqN0KY2oDJ+ELWckobu6T8/UbE=",
      "dependencies": {
        "isexe": "^2.0.0"
      },
      "bin": {
        "node-which": "bin/node-which"
      },
      "engines": {
        "node": ">= 8"
      }
    }
  }
}
